// !$*UTF8*$!
{
	archiveVersion = 1;
	classes = {
	};
	objectVersion = 52;
	objects = {

/* Begin PBXBuildFile section */
		EA009481252641F900746222 /* RMAccount.swift in Sources */ = {isa = PBXBuildFile; fileRef = EA009480252641F900746222 /* RMAccount.swift */; };
		EA0094912527264E00746222 /* RMAccountGroup.swift in Sources */ = {isa = PBXBuildFile; fileRef = EA0094902527264E00746222 /* RMAccountGroup.swift */; };
		EA1D9E692524A80A00E2027F /* AddEditOperationCoordinator.swift in Sources */ = {isa = PBXBuildFile; fileRef = EA1D9E682524A80A00E2027F /* AddEditOperationCoordinator.swift */; };
		EA1D9E712524B07100E2027F /* AddEditOperationViewController.storyboard in Resources */ = {isa = PBXBuildFile; fileRef = EA1D9E702524B07100E2027F /* AddEditOperationViewController.storyboard */; };
		EA1D9E752524B07B00E2027F /* AddEditOperationViewController.swift in Sources */ = {isa = PBXBuildFile; fileRef = EA1D9E742524B07B00E2027F /* AddEditOperationViewController.swift */; };
		EA1D9E792524B08500E2027F /* AddEditOperationViewModel.swift in Sources */ = {isa = PBXBuildFile; fileRef = EA1D9E782524B08500E2027F /* AddEditOperationViewModel.swift */; };
		EA1D9E922524D2E500E2027F /* RealmConvertible.swift in Sources */ = {isa = PBXBuildFile; fileRef = EA1D9E832524D2E500E2027F /* RealmConvertible.swift */; };
		EA1D9E932524D2E500E2027F /* RealmStorage.swift in Sources */ = {isa = PBXBuildFile; fileRef = EA1D9E842524D2E500E2027F /* RealmStorage.swift */; };
		EA1D9E942524D2E500E2027F /* DomainEntityConvertible.swift in Sources */ = {isa = PBXBuildFile; fileRef = EA1D9E852524D2E500E2027F /* DomainEntityConvertible.swift */; };
		EA1D9E952524D2E500E2027F /* Realm+Extensions.swift in Sources */ = {isa = PBXBuildFile; fileRef = EA1D9E862524D2E500E2027F /* Realm+Extensions.swift */; };
		EA1D9E982524D2E500E2027F /* RMOperation.swift in Sources */ = {isa = PBXBuildFile; fileRef = EA1D9E8A2524D2E500E2027F /* RMOperation.swift */; };
		EA1D9E9A2524D2E500E2027F /* RMCategory.swift in Sources */ = {isa = PBXBuildFile; fileRef = EA1D9E8C2524D2E500E2027F /* RMCategory.swift */; };
		EA1D9E9E2524D9C000E2027F /* File in Resources */ = {isa = PBXBuildFile; fileRef = EA1D9E9D2524D9C000E2027F /* File */; };
		EA48F367256681B5007FE1BA /* UIView+Extensions.swift in Sources */ = {isa = PBXBuildFile; fileRef = EA48F366256681B5007FE1BA /* UIView+Extensions.swift */; };
		EA7EE723257161C600A82386 /* PushTransition.swift in Sources */ = {isa = PBXBuildFile; fileRef = EA7EE722257161C600A82386 /* PushTransition.swift */; };
		EA7EE7292571838E00A82386 /* AccountsListAccountCell.swift in Sources */ = {isa = PBXBuildFile; fileRef = EA7EE7282571838E00A82386 /* AccountsListAccountCell.swift */; };
		EA7EE72E257183C700A82386 /* AccountsListAccountCellViewModel.swift in Sources */ = {isa = PBXBuildFile; fileRef = EA7EE72D257183C700A82386 /* AccountsListAccountCellViewModel.swift */; };
		EA7EE7312571857000A82386 /* AccountsListAccountCell.xib in Resources */ = {isa = PBXBuildFile; fileRef = EA7EE7302571857000A82386 /* AccountsListAccountCell.xib */; };
		EA7EE736257186FE00A82386 /* AccountsListGroupCell.swift in Sources */ = {isa = PBXBuildFile; fileRef = EA7EE735257186FE00A82386 /* AccountsListGroupCell.swift */; };
		EA7EE7392571872B00A82386 /* AccountsListGroupCellViewModelType.swift in Sources */ = {isa = PBXBuildFile; fileRef = EA7EE7382571872B00A82386 /* AccountsListGroupCellViewModelType.swift */; };
		EA7EE73C2571875300A82386 /* AccountsListGroupCell.xib in Resources */ = {isa = PBXBuildFile; fileRef = EA7EE73B2571875300A82386 /* AccountsListGroupCell.xib */; };
		EA7EE7432572801E00A82386 /* BaseModalViewController.storyboard in Resources */ = {isa = PBXBuildFile; fileRef = EA7EE7422572801E00A82386 /* BaseModalViewController.storyboard */; };
		EA7EE7462572807300A82386 /* BaseModalViewController.swift in Sources */ = {isa = PBXBuildFile; fileRef = EA7EE7452572807300A82386 /* BaseModalViewController.swift */; };
		EA7EE74A2572837400A82386 /* BaseModalViewModelType.swift in Sources */ = {isa = PBXBuildFile; fileRef = EA7EE7492572837400A82386 /* BaseModalViewModelType.swift */; };
		EA7EE7502572FE6C00A82386 /* TitleInputCell.swift in Sources */ = {isa = PBXBuildFile; fileRef = EA7EE74F2572FE6C00A82386 /* TitleInputCell.swift */; };
		EA7EE7532572FECB00A82386 /* TitleInputCellViewModel.swift in Sources */ = {isa = PBXBuildFile; fileRef = EA7EE7522572FECB00A82386 /* TitleInputCellViewModel.swift */; };
		EA7EE7562572FF4300A82386 /* TitleInputCell.xib in Resources */ = {isa = PBXBuildFile; fileRef = EA7EE7552572FF4300A82386 /* TitleInputCell.xib */; };
		EA7EE75A2573175300A82386 /* UserStateService.swift in Sources */ = {isa = PBXBuildFile; fileRef = EA7EE7592573175300A82386 /* UserStateService.swift */; };
		EA7F6163252B2C2C008CA432 /* RxSwift in Frameworks */ = {isa = PBXBuildFile; productRef = EA7F6162252B2C2C008CA432 /* RxSwift */; };
		EA7F6165252B2C2C008CA432 /* RxRelay in Frameworks */ = {isa = PBXBuildFile; productRef = EA7F6164252B2C2C008CA432 /* RxRelay */; };
		EA7F6167252B2C2C008CA432 /* RxCocoa in Frameworks */ = {isa = PBXBuildFile; productRef = EA7F6166252B2C2C008CA432 /* RxCocoa */; };
		EA7F6169252B2C2C008CA432 /* RxBlocking in Frameworks */ = {isa = PBXBuildFile; productRef = EA7F6168252B2C2C008CA432 /* RxBlocking */; };
		EA7F616D252B2D13008CA432 /* .swiftlint.yml in Resources */ = {isa = PBXBuildFile; fileRef = EA7F616C252B2D13008CA432 /* .swiftlint.yml */; };
		EA88F7712536F6E6005F9EC0 /* FPOperationService.swift in Sources */ = {isa = PBXBuildFile; fileRef = EA88F7702536F6E6005F9EC0 /* FPOperationService.swift */; };
		EA930C332523D54D00E12805 /* AppDelegate.swift in Sources */ = {isa = PBXBuildFile; fileRef = EA930C322523D54D00E12805 /* AppDelegate.swift */; };
		EA930C352523D54D00E12805 /* SceneDelegate.swift in Sources */ = {isa = PBXBuildFile; fileRef = EA930C342523D54D00E12805 /* SceneDelegate.swift */; };
		EA930C3C2523D54F00E12805 /* Assets.xcassets in Resources */ = {isa = PBXBuildFile; fileRef = EA930C3B2523D54F00E12805 /* Assets.xcassets */; };
		EA930C3F2523D54F00E12805 /* LaunchScreen.storyboard in Resources */ = {isa = PBXBuildFile; fileRef = EA930C3D2523D54F00E12805 /* LaunchScreen.storyboard */; };
		EA930C6B2523D89C00E12805 /* Dip in Frameworks */ = {isa = PBXBuildFile; productRef = EA930C6A2523D89C00E12805 /* Dip */; settings = {ATTRIBUTES = (Required, ); }; };
		EA930C6F2523DA9E00E12805 /* Realm in Frameworks */ = {isa = PBXBuildFile; productRef = EA930C6E2523DA9E00E12805 /* Realm */; };
		EA930C712523DA9E00E12805 /* RealmSwift in Frameworks */ = {isa = PBXBuildFile; productRef = EA930C702523DA9E00E12805 /* RealmSwift */; };
		EA930CC2252484CD00E12805 /* UITableView+Reusable.swift in Sources */ = {isa = PBXBuildFile; fileRef = EA930CC1252484CD00E12805 /* UITableView+Reusable.swift */; };
		EA930CC82524851000E12805 /* StoryboardBased.swift in Sources */ = {isa = PBXBuildFile; fileRef = EA930CC72524851000E12805 /* StoryboardBased.swift */; };
		EA930CCC2524854600E12805 /* NibBased.swift in Sources */ = {isa = PBXBuildFile; fileRef = EA930CCB2524854600E12805 /* NibBased.swift */; };
		EA930CD02524857900E12805 /* Reusable.swift in Sources */ = {isa = PBXBuildFile; fileRef = EA930CCF2524857900E12805 /* Reusable.swift */; };
		EA930CD62524859E00E12805 /* BindableType.swift in Sources */ = {isa = PBXBuildFile; fileRef = EA930CD52524859E00E12805 /* BindableType.swift */; };
		EA930CDC252485C500E12805 /* NibLoadable.swift in Sources */ = {isa = PBXBuildFile; fileRef = EA930CDB252485C500E12805 /* NibLoadable.swift */; };
		EA930CE12524865A00E12805 /* Sequence+Extensions.swift in Sources */ = {isa = PBXBuildFile; fileRef = EA930CE02524865A00E12805 /* Sequence+Extensions.swift */; };
		EA930CE7252486DB00E12805 /* FPOperation.swift in Sources */ = {isa = PBXBuildFile; fileRef = EA930CE6252486DB00E12805 /* FPOperation.swift */; };
		EA930CED25248A4800E12805 /* FPCategory.swift in Sources */ = {isa = PBXBuildFile; fileRef = EA930CEC25248A4800E12805 /* FPCategory.swift */; };
		EA930CF125248AB800E12805 /* FPAccount.swift in Sources */ = {isa = PBXBuildFile; fileRef = EA930CF025248AB800E12805 /* FPAccount.swift */; };
		EA930CF525248BA400E12805 /* FPAccountGroup.swift in Sources */ = {isa = PBXBuildFile; fileRef = EA930CF425248BA400E12805 /* FPAccountGroup.swift */; };
		EA930CFD2524940600E12805 /* FPAccountService.swift in Sources */ = {isa = PBXBuildFile; fileRef = EA930CFC2524940600E12805 /* FPAccountService.swift */; };
		EA930D032524943C00E12805 /* FinplyDI.swift in Sources */ = {isa = PBXBuildFile; fileRef = EA930D022524943C00E12805 /* FinplyDI.swift */; };
		EA9BCA982543384D003DE283 /* RxSwiftExt in Frameworks */ = {isa = PBXBuildFile; productRef = EA9BCA972543384D003DE283 /* RxSwiftExt */; };
		EA9BCA9E25434421003DE283 /* AccountsListViewController.swift in Sources */ = {isa = PBXBuildFile; fileRef = EA9BCA9D25434421003DE283 /* AccountsListViewController.swift */; };
		EA9BCAA125434434003DE283 /* AccountsListViewModel.swift in Sources */ = {isa = PBXBuildFile; fileRef = EA9BCAA025434434003DE283 /* AccountsListViewModel.swift */; };
		EA9BCAA42543443F003DE283 /* AccountsListCoordinator.swift in Sources */ = {isa = PBXBuildFile; fileRef = EA9BCAA32543443F003DE283 /* AccountsListCoordinator.swift */; };
		EA9BCAA8254345AA003DE283 /* AccountsListViewController.storyboard in Resources */ = {isa = PBXBuildFile; fileRef = EA9BCAA7254345AA003DE283 /* AccountsListViewController.storyboard */; };
		EA9F662E2554E44000441ED0 /* PlanningListViewController.storyboard in Resources */ = {isa = PBXBuildFile; fileRef = EA9F66252554E44000441ED0 /* PlanningListViewController.storyboard */; };
		EA9F662F2554E44000441ED0 /* PlanningListCoordinator.swift in Sources */ = {isa = PBXBuildFile; fileRef = EA9F66262554E44000441ED0 /* PlanningListCoordinator.swift */; };
		EA9F66302554E44000441ED0 /* PlanningListViewController.swift in Sources */ = {isa = PBXBuildFile; fileRef = EA9F66272554E44000441ED0 /* PlanningListViewController.swift */; };
		EA9F66312554E44000441ED0 /* PlanningListViewModel.swift in Sources */ = {isa = PBXBuildFile; fileRef = EA9F66282554E44000441ED0 /* PlanningListViewModel.swift */; };
		EA9F66322554E44000441ED0 /* BudgetsListCoordinator.swift in Sources */ = {isa = PBXBuildFile; fileRef = EA9F662A2554E44000441ED0 /* BudgetsListCoordinator.swift */; };
		EA9F66332554E44000441ED0 /* BudgetsListViewModel.swift in Sources */ = {isa = PBXBuildFile; fileRef = EA9F662B2554E44000441ED0 /* BudgetsListViewModel.swift */; };
		EA9F66342554E44000441ED0 /* BudgetsListViewController.storyboard in Resources */ = {isa = PBXBuildFile; fileRef = EA9F662C2554E44000441ED0 /* BudgetsListViewController.storyboard */; };
		EA9F66352554E44000441ED0 /* BudgetsListViewController.swift in Sources */ = {isa = PBXBuildFile; fileRef = EA9F662D2554E44000441ED0 /* BudgetsListViewController.swift */; };
		EAAE9BF4256ED7F400790931 /* GradientView.swift in Sources */ = {isa = PBXBuildFile; fileRef = EAAE9BF3256ED7F400790931 /* GradientView.swift */; };
		EAAE9C12256F090700790931 /* UIVIewController+Extensions.swift in Sources */ = {isa = PBXBuildFile; fileRef = EAAE9C11256F090700790931 /* UIVIewController+Extensions.swift */; };
		EAAE9C1525701F8200790931 /* UIPageViewController+Extensions.swift in Sources */ = {isa = PBXBuildFile; fileRef = EAAE9C1425701F8200790931 /* UIPageViewController+Extensions.swift */; };
		EAD68A302554F8150083B30D /* AccountHeaderView.xib in Resources */ = {isa = PBXBuildFile; fileRef = EAD68A2F2554F8150083B30D /* AccountHeaderView.xib */; };
		EAD68A332554F8220083B30D /* AccountHeaderView.swift in Sources */ = {isa = PBXBuildFile; fileRef = EAD68A322554F8220083B30D /* AccountHeaderView.swift */; };
		EAD68A3E2554F8810083B30D /* AccountDetailsViewController.storyboard in Resources */ = {isa = PBXBuildFile; fileRef = EAD68A3A2554F8810083B30D /* AccountDetailsViewController.storyboard */; };
		EAD68A3F2554F8810083B30D /* AccountDetailsViewModel.swift in Sources */ = {isa = PBXBuildFile; fileRef = EAD68A3B2554F8810083B30D /* AccountDetailsViewModel.swift */; };
		EAD68A402554F8810083B30D /* AccountDetailsViewController.swift in Sources */ = {isa = PBXBuildFile; fileRef = EAD68A3C2554F8810083B30D /* AccountDetailsViewController.swift */; };
		EAD68A412554F8810083B30D /* AccountDetailsCoordinator.swift in Sources */ = {isa = PBXBuildFile; fileRef = EAD68A3D2554F8810083B30D /* AccountDetailsCoordinator.swift */; };
		EAD68A482554F9C80083B30D /* AppCoordinator.swift in Sources */ = {isa = PBXBuildFile; fileRef = EAD68A462554F9C80083B30D /* AppCoordinator.swift */; };
		EAD68A492554F9C80083B30D /* BaseCoordinator.swift in Sources */ = {isa = PBXBuildFile; fileRef = EAD68A472554F9C80083B30D /* BaseCoordinator.swift */; };
		EAD68A4F255505B80083B30D /* AccountMonthDetailsView.xib in Resources */ = {isa = PBXBuildFile; fileRef = EAD68A4E255505B80083B30D /* AccountMonthDetailsView.xib */; };
		EAD68A522555064F0083B30D /* AccountMonthDetailsView.swift in Sources */ = {isa = PBXBuildFile; fileRef = EAD68A512555064F0083B30D /* AccountMonthDetailsView.swift */; };
		EAD68A57255580040083B30D /* RxDataSources in Frameworks */ = {isa = PBXBuildFile; productRef = EAD68A56255580040083B30D /* RxDataSources */; };
		EAD68A59255580040083B30D /* Differentiator in Frameworks */ = {isa = PBXBuildFile; productRef = EAD68A58255580040083B30D /* Differentiator */; };
		EAD68A5D2555809D0083B30D /* AccountOperationCell.xib in Resources */ = {isa = PBXBuildFile; fileRef = EAD68A5C2555809D0083B30D /* AccountOperationCell.xib */; };
		EAD68A61255580AA0083B30D /* AccountOperationCell.swift in Sources */ = {isa = PBXBuildFile; fileRef = EAD68A60255580AA0083B30D /* AccountOperationCell.swift */; };
		EAD68A64255580B40083B30D /* AccountOperationCellViewModel.swift in Sources */ = {isa = PBXBuildFile; fileRef = EAD68A63255580B40083B30D /* AccountOperationCellViewModel.swift */; };
		EAD68A67255582B20083B30D /* AccountHeaderViewModel.swift in Sources */ = {isa = PBXBuildFile; fileRef = EAD68A66255582B20083B30D /* AccountHeaderViewModel.swift */; };
		EAD68A6A255582EF0083B30D /* AccountMonthDetailsViewModel.swift in Sources */ = {isa = PBXBuildFile; fileRef = EAD68A69255582EF0083B30D /* AccountMonthDetailsViewModel.swift */; };
		EAD68A6E25558AC80083B30D /* AccountOperationsSectionHeader.xib in Resources */ = {isa = PBXBuildFile; fileRef = EAD68A6D25558AC80083B30D /* AccountOperationsSectionHeader.xib */; };
		EAD68A7125558AD10083B30D /* AccountOperationsSectionHeader.swift in Sources */ = {isa = PBXBuildFile; fileRef = EAD68A7025558AD10083B30D /* AccountOperationsSectionHeader.swift */; };
		EAD68A74255591030083B30D /* Foundation+Extensions.swift in Sources */ = {isa = PBXBuildFile; fileRef = EAD68A73255591030083B30D /* Foundation+Extensions.swift */; };
		EAD68AD7255953A30083B30D /* Rx+Extensions.swift in Sources */ = {isa = PBXBuildFile; fileRef = EAD68AD6255953A30083B30D /* Rx+Extensions.swift */; };
		EAD68ADB25595AB80083B30D /* PieChartView+Rx.swift in Sources */ = {isa = PBXBuildFile; fileRef = EAD68ADA25595AB80083B30D /* PieChartView+Rx.swift */; };
		EAD68ADF25595AE00083B30D /* PieChartView.swift in Sources */ = {isa = PBXBuildFile; fileRef = EAD68ADE25595AE00083B30D /* PieChartView.swift */; };
		EAD68AEB2559D5110083B30D /* HighCategoryContainerView.xib in Resources */ = {isa = PBXBuildFile; fileRef = EAD68AEA2559D5110083B30D /* HighCategoryContainerView.xib */; };
		EAD68AEE2559D52D0083B30D /* HighCategoryContainerView.swift in Sources */ = {isa = PBXBuildFile; fileRef = EAD68AED2559D52D0083B30D /* HighCategoryContainerView.swift */; };
		EAD68AF2255ADEA00083B30D /* HighCategoriesContainerView.swift in Sources */ = {isa = PBXBuildFile; fileRef = EAD68AF1255ADE9F0083B30D /* HighCategoriesContainerView.swift */; };
		EAD68AFE255B00870083B30D /* ReportDetailsCoordinator.swift in Sources */ = {isa = PBXBuildFile; fileRef = EAD68AFA255B00870083B30D /* ReportDetailsCoordinator.swift */; };
		EAD68AFF255B00870083B30D /* ReportDetailsViewController.storyboard in Resources */ = {isa = PBXBuildFile; fileRef = EAD68AFB255B00870083B30D /* ReportDetailsViewController.storyboard */; };
		EAD68B00255B00870083B30D /* ReportDetailsViewModel.swift in Sources */ = {isa = PBXBuildFile; fileRef = EAD68AFC255B00870083B30D /* ReportDetailsViewModel.swift */; };
		EAD68B01255B00870083B30D /* ReportDetailsViewController.swift in Sources */ = {isa = PBXBuildFile; fileRef = EAD68AFD255B00870083B30D /* ReportDetailsViewController.swift */; };
		EAD68B0D255B012C0083B30D /* ProfileDetailsViewModel.swift in Sources */ = {isa = PBXBuildFile; fileRef = EAD68B09255B012C0083B30D /* ProfileDetailsViewModel.swift */; };
		EAD68B0E255B012C0083B30D /* ProfileDetailsViewController.storyboard in Resources */ = {isa = PBXBuildFile; fileRef = EAD68B0A255B012C0083B30D /* ProfileDetailsViewController.storyboard */; };
		EAD68B0F255B012C0083B30D /* ProfileDetailsViewController.swift in Sources */ = {isa = PBXBuildFile; fileRef = EAD68B0B255B012C0083B30D /* ProfileDetailsViewController.swift */; };
		EAD68B10255B012C0083B30D /* ProfileDetailsCoordinator.swift in Sources */ = {isa = PBXBuildFile; fileRef = EAD68B0C255B012C0083B30D /* ProfileDetailsCoordinator.swift */; };
		EAD68B1B255B07110083B30D /* AddEditAccountCoordinator.swift in Sources */ = {isa = PBXBuildFile; fileRef = EAD68B17255B07110083B30D /* AddEditAccountCoordinator.swift */; };
		EAD68B1E255B07110083B30D /* AddEditAccountViewModel.swift in Sources */ = {isa = PBXBuildFile; fileRef = EAD68B1A255B07110083B30D /* AddEditAccountViewModel.swift */; };
		EAD68B23255EA9490083B30D /* UITableView+Extensions.swift in Sources */ = {isa = PBXBuildFile; fileRef = EAD68B22255EA9490083B30D /* UITableView+Extensions.swift */; };
/* End PBXBuildFile section */

/* Begin PBXFileReference section */
		EA009480252641F900746222 /* RMAccount.swift */ = {isa = PBXFileReference; lastKnownFileType = sourcecode.swift; path = RMAccount.swift; sourceTree = "<group>"; };
		EA0094902527264E00746222 /* RMAccountGroup.swift */ = {isa = PBXFileReference; lastKnownFileType = sourcecode.swift; path = RMAccountGroup.swift; sourceTree = "<group>"; };
		EA1D9E682524A80A00E2027F /* AddEditOperationCoordinator.swift */ = {isa = PBXFileReference; lastKnownFileType = sourcecode.swift; path = AddEditOperationCoordinator.swift; sourceTree = "<group>"; };
		EA1D9E702524B07100E2027F /* AddEditOperationViewController.storyboard */ = {isa = PBXFileReference; lastKnownFileType = file.storyboard; path = AddEditOperationViewController.storyboard; sourceTree = "<group>"; };
		EA1D9E742524B07B00E2027F /* AddEditOperationViewController.swift */ = {isa = PBXFileReference; lastKnownFileType = sourcecode.swift; path = AddEditOperationViewController.swift; sourceTree = "<group>"; };
		EA1D9E782524B08500E2027F /* AddEditOperationViewModel.swift */ = {isa = PBXFileReference; lastKnownFileType = sourcecode.swift; path = AddEditOperationViewModel.swift; sourceTree = "<group>"; };
		EA1D9E832524D2E500E2027F /* RealmConvertible.swift */ = {isa = PBXFileReference; fileEncoding = 4; lastKnownFileType = sourcecode.swift; path = RealmConvertible.swift; sourceTree = "<group>"; };
		EA1D9E842524D2E500E2027F /* RealmStorage.swift */ = {isa = PBXFileReference; fileEncoding = 4; lastKnownFileType = sourcecode.swift; path = RealmStorage.swift; sourceTree = "<group>"; };
		EA1D9E852524D2E500E2027F /* DomainEntityConvertible.swift */ = {isa = PBXFileReference; fileEncoding = 4; lastKnownFileType = sourcecode.swift; path = DomainEntityConvertible.swift; sourceTree = "<group>"; };
		EA1D9E862524D2E500E2027F /* Realm+Extensions.swift */ = {isa = PBXFileReference; fileEncoding = 4; lastKnownFileType = sourcecode.swift; path = "Realm+Extensions.swift"; sourceTree = "<group>"; };
		EA1D9E8A2524D2E500E2027F /* RMOperation.swift */ = {isa = PBXFileReference; fileEncoding = 4; lastKnownFileType = sourcecode.swift; path = RMOperation.swift; sourceTree = "<group>"; };
		EA1D9E8C2524D2E500E2027F /* RMCategory.swift */ = {isa = PBXFileReference; fileEncoding = 4; lastKnownFileType = sourcecode.swift; path = RMCategory.swift; sourceTree = "<group>"; };
		EA1D9E9D2524D9C000E2027F /* File */ = {isa = PBXFileReference; lastKnownFileType = text; path = File; sourceTree = "<group>"; };
		EA48F366256681B5007FE1BA /* UIView+Extensions.swift */ = {isa = PBXFileReference; lastKnownFileType = sourcecode.swift; path = "UIView+Extensions.swift"; sourceTree = "<group>"; };
		EA7EE722257161C600A82386 /* PushTransition.swift */ = {isa = PBXFileReference; lastKnownFileType = sourcecode.swift; path = PushTransition.swift; sourceTree = "<group>"; };
		EA7EE7282571838E00A82386 /* AccountsListAccountCell.swift */ = {isa = PBXFileReference; lastKnownFileType = sourcecode.swift; path = AccountsListAccountCell.swift; sourceTree = "<group>"; };
		EA7EE72D257183C700A82386 /* AccountsListAccountCellViewModel.swift */ = {isa = PBXFileReference; lastKnownFileType = sourcecode.swift; path = AccountsListAccountCellViewModel.swift; sourceTree = "<group>"; };
		EA7EE7302571857000A82386 /* AccountsListAccountCell.xib */ = {isa = PBXFileReference; lastKnownFileType = file.xib; path = AccountsListAccountCell.xib; sourceTree = "<group>"; };
		EA7EE735257186FE00A82386 /* AccountsListGroupCell.swift */ = {isa = PBXFileReference; lastKnownFileType = sourcecode.swift; path = AccountsListGroupCell.swift; sourceTree = "<group>"; };
		EA7EE7382571872B00A82386 /* AccountsListGroupCellViewModelType.swift */ = {isa = PBXFileReference; lastKnownFileType = sourcecode.swift; path = AccountsListGroupCellViewModelType.swift; sourceTree = "<group>"; };
		EA7EE73B2571875300A82386 /* AccountsListGroupCell.xib */ = {isa = PBXFileReference; lastKnownFileType = file.xib; path = AccountsListGroupCell.xib; sourceTree = "<group>"; };
		EA7EE7422572801E00A82386 /* BaseModalViewController.storyboard */ = {isa = PBXFileReference; lastKnownFileType = file.storyboard; path = BaseModalViewController.storyboard; sourceTree = "<group>"; };
		EA7EE7452572807300A82386 /* BaseModalViewController.swift */ = {isa = PBXFileReference; lastKnownFileType = sourcecode.swift; path = BaseModalViewController.swift; sourceTree = "<group>"; };
		EA7EE7492572837400A82386 /* BaseModalViewModelType.swift */ = {isa = PBXFileReference; lastKnownFileType = sourcecode.swift; path = BaseModalViewModelType.swift; sourceTree = "<group>"; };
		EA7EE74F2572FE6C00A82386 /* TitleInputCell.swift */ = {isa = PBXFileReference; lastKnownFileType = sourcecode.swift; path = TitleInputCell.swift; sourceTree = "<group>"; };
		EA7EE7522572FECB00A82386 /* TitleInputCellViewModel.swift */ = {isa = PBXFileReference; lastKnownFileType = sourcecode.swift; path = TitleInputCellViewModel.swift; sourceTree = "<group>"; };
		EA7EE7552572FF4300A82386 /* TitleInputCell.xib */ = {isa = PBXFileReference; lastKnownFileType = file.xib; path = TitleInputCell.xib; sourceTree = "<group>"; };
		EA7EE7592573175300A82386 /* UserStateService.swift */ = {isa = PBXFileReference; lastKnownFileType = sourcecode.swift; path = UserStateService.swift; sourceTree = "<group>"; };
		EA7F616C252B2D13008CA432 /* .swiftlint.yml */ = {isa = PBXFileReference; fileEncoding = 4; lastKnownFileType = text.yaml; path = .swiftlint.yml; sourceTree = SOURCE_ROOT; };
		EA88F7702536F6E6005F9EC0 /* FPOperationService.swift */ = {isa = PBXFileReference; lastKnownFileType = sourcecode.swift; path = FPOperationService.swift; sourceTree = "<group>"; };
		EA930C2F2523D54D00E12805 /* Finply.app */ = {isa = PBXFileReference; explicitFileType = wrapper.application; includeInIndex = 0; path = Finply.app; sourceTree = BUILT_PRODUCTS_DIR; };
		EA930C322523D54D00E12805 /* AppDelegate.swift */ = {isa = PBXFileReference; lastKnownFileType = sourcecode.swift; path = AppDelegate.swift; sourceTree = "<group>"; };
		EA930C342523D54D00E12805 /* SceneDelegate.swift */ = {isa = PBXFileReference; lastKnownFileType = sourcecode.swift; path = SceneDelegate.swift; sourceTree = "<group>"; };
		EA930C3B2523D54F00E12805 /* Assets.xcassets */ = {isa = PBXFileReference; lastKnownFileType = folder.assetcatalog; path = Assets.xcassets; sourceTree = "<group>"; };
		EA930C3E2523D54F00E12805 /* Base */ = {isa = PBXFileReference; lastKnownFileType = file.storyboard; name = Base; path = Base.lproj/LaunchScreen.storyboard; sourceTree = "<group>"; };
		EA930C402523D54F00E12805 /* Info.plist */ = {isa = PBXFileReference; lastKnownFileType = text.plist.xml; path = Info.plist; sourceTree = "<group>"; };
		EA930C792523DE1A00E12805 /* FinplyTests.swift */ = {isa = PBXFileReference; lastKnownFileType = sourcecode.swift; path = FinplyTests.swift; sourceTree = "<group>"; };
		EA930C7B2523DE1A00E12805 /* Info.plist */ = {isa = PBXFileReference; lastKnownFileType = text.plist.xml; path = Info.plist; sourceTree = "<group>"; };
		EA930CC1252484CD00E12805 /* UITableView+Reusable.swift */ = {isa = PBXFileReference; lastKnownFileType = sourcecode.swift; path = "UITableView+Reusable.swift"; sourceTree = "<group>"; };
		EA930CC72524851000E12805 /* StoryboardBased.swift */ = {isa = PBXFileReference; lastKnownFileType = sourcecode.swift; path = StoryboardBased.swift; sourceTree = "<group>"; };
		EA930CCB2524854600E12805 /* NibBased.swift */ = {isa = PBXFileReference; lastKnownFileType = sourcecode.swift; path = NibBased.swift; sourceTree = "<group>"; };
		EA930CCF2524857900E12805 /* Reusable.swift */ = {isa = PBXFileReference; lastKnownFileType = sourcecode.swift; path = Reusable.swift; sourceTree = "<group>"; };
		EA930CD52524859E00E12805 /* BindableType.swift */ = {isa = PBXFileReference; lastKnownFileType = sourcecode.swift; path = BindableType.swift; sourceTree = "<group>"; };
		EA930CDB252485C500E12805 /* NibLoadable.swift */ = {isa = PBXFileReference; lastKnownFileType = sourcecode.swift; path = NibLoadable.swift; sourceTree = "<group>"; };
		EA930CE02524865A00E12805 /* Sequence+Extensions.swift */ = {isa = PBXFileReference; lastKnownFileType = sourcecode.swift; path = "Sequence+Extensions.swift"; sourceTree = "<group>"; };
		EA930CE6252486DB00E12805 /* FPOperation.swift */ = {isa = PBXFileReference; lastKnownFileType = sourcecode.swift; path = FPOperation.swift; sourceTree = "<group>"; };
		EA930CEC25248A4800E12805 /* FPCategory.swift */ = {isa = PBXFileReference; lastKnownFileType = sourcecode.swift; path = FPCategory.swift; sourceTree = "<group>"; };
		EA930CF025248AB800E12805 /* FPAccount.swift */ = {isa = PBXFileReference; lastKnownFileType = sourcecode.swift; path = FPAccount.swift; sourceTree = "<group>"; };
		EA930CF425248BA400E12805 /* FPAccountGroup.swift */ = {isa = PBXFileReference; lastKnownFileType = sourcecode.swift; path = FPAccountGroup.swift; sourceTree = "<group>"; };
		EA930CFC2524940600E12805 /* FPAccountService.swift */ = {isa = PBXFileReference; lastKnownFileType = sourcecode.swift; path = FPAccountService.swift; sourceTree = "<group>"; };
		EA930D022524943C00E12805 /* FinplyDI.swift */ = {isa = PBXFileReference; lastKnownFileType = sourcecode.swift; path = FinplyDI.swift; sourceTree = "<group>"; };
		EA9BCA9D25434421003DE283 /* AccountsListViewController.swift */ = {isa = PBXFileReference; lastKnownFileType = sourcecode.swift; path = AccountsListViewController.swift; sourceTree = "<group>"; };
		EA9BCAA025434434003DE283 /* AccountsListViewModel.swift */ = {isa = PBXFileReference; lastKnownFileType = sourcecode.swift; path = AccountsListViewModel.swift; sourceTree = "<group>"; };
		EA9BCAA32543443F003DE283 /* AccountsListCoordinator.swift */ = {isa = PBXFileReference; lastKnownFileType = sourcecode.swift; path = AccountsListCoordinator.swift; sourceTree = "<group>"; };
		EA9BCAA7254345AA003DE283 /* AccountsListViewController.storyboard */ = {isa = PBXFileReference; lastKnownFileType = file.storyboard; path = AccountsListViewController.storyboard; sourceTree = "<group>"; };
		EA9F66252554E44000441ED0 /* PlanningListViewController.storyboard */ = {isa = PBXFileReference; fileEncoding = 4; lastKnownFileType = file.storyboard; path = PlanningListViewController.storyboard; sourceTree = "<group>"; };
		EA9F66262554E44000441ED0 /* PlanningListCoordinator.swift */ = {isa = PBXFileReference; fileEncoding = 4; lastKnownFileType = sourcecode.swift; path = PlanningListCoordinator.swift; sourceTree = "<group>"; };
		EA9F66272554E44000441ED0 /* PlanningListViewController.swift */ = {isa = PBXFileReference; fileEncoding = 4; lastKnownFileType = sourcecode.swift; path = PlanningListViewController.swift; sourceTree = "<group>"; };
		EA9F66282554E44000441ED0 /* PlanningListViewModel.swift */ = {isa = PBXFileReference; fileEncoding = 4; lastKnownFileType = sourcecode.swift; path = PlanningListViewModel.swift; sourceTree = "<group>"; };
		EA9F662A2554E44000441ED0 /* BudgetsListCoordinator.swift */ = {isa = PBXFileReference; fileEncoding = 4; lastKnownFileType = sourcecode.swift; path = BudgetsListCoordinator.swift; sourceTree = "<group>"; };
		EA9F662B2554E44000441ED0 /* BudgetsListViewModel.swift */ = {isa = PBXFileReference; fileEncoding = 4; lastKnownFileType = sourcecode.swift; path = BudgetsListViewModel.swift; sourceTree = "<group>"; };
		EA9F662C2554E44000441ED0 /* BudgetsListViewController.storyboard */ = {isa = PBXFileReference; fileEncoding = 4; lastKnownFileType = file.storyboard; path = BudgetsListViewController.storyboard; sourceTree = "<group>"; };
		EA9F662D2554E44000441ED0 /* BudgetsListViewController.swift */ = {isa = PBXFileReference; fileEncoding = 4; lastKnownFileType = sourcecode.swift; path = BudgetsListViewController.swift; sourceTree = "<group>"; };
		EAAE9BF3256ED7F400790931 /* GradientView.swift */ = {isa = PBXFileReference; fileEncoding = 4; lastKnownFileType = sourcecode.swift; path = GradientView.swift; sourceTree = "<group>"; };
		EAAE9C11256F090700790931 /* UIVIewController+Extensions.swift */ = {isa = PBXFileReference; lastKnownFileType = sourcecode.swift; path = "UIVIewController+Extensions.swift"; sourceTree = "<group>"; };
		EAAE9C1425701F8200790931 /* UIPageViewController+Extensions.swift */ = {isa = PBXFileReference; lastKnownFileType = sourcecode.swift; path = "UIPageViewController+Extensions.swift"; sourceTree = "<group>"; };
		EAD68A2F2554F8150083B30D /* AccountHeaderView.xib */ = {isa = PBXFileReference; lastKnownFileType = file.xib; path = AccountHeaderView.xib; sourceTree = "<group>"; };
		EAD68A322554F8220083B30D /* AccountHeaderView.swift */ = {isa = PBXFileReference; lastKnownFileType = sourcecode.swift; path = AccountHeaderView.swift; sourceTree = "<group>"; };
		EAD68A3A2554F8810083B30D /* AccountDetailsViewController.storyboard */ = {isa = PBXFileReference; fileEncoding = 4; lastKnownFileType = file.storyboard; path = AccountDetailsViewController.storyboard; sourceTree = "<group>"; };
		EAD68A3B2554F8810083B30D /* AccountDetailsViewModel.swift */ = {isa = PBXFileReference; fileEncoding = 4; lastKnownFileType = sourcecode.swift; path = AccountDetailsViewModel.swift; sourceTree = "<group>"; };
		EAD68A3C2554F8810083B30D /* AccountDetailsViewController.swift */ = {isa = PBXFileReference; fileEncoding = 4; lastKnownFileType = sourcecode.swift; path = AccountDetailsViewController.swift; sourceTree = "<group>"; };
		EAD68A3D2554F8810083B30D /* AccountDetailsCoordinator.swift */ = {isa = PBXFileReference; fileEncoding = 4; lastKnownFileType = sourcecode.swift; path = AccountDetailsCoordinator.swift; sourceTree = "<group>"; };
		EAD68A462554F9C80083B30D /* AppCoordinator.swift */ = {isa = PBXFileReference; fileEncoding = 4; lastKnownFileType = sourcecode.swift; path = AppCoordinator.swift; sourceTree = "<group>"; };
		EAD68A472554F9C80083B30D /* BaseCoordinator.swift */ = {isa = PBXFileReference; fileEncoding = 4; lastKnownFileType = sourcecode.swift; path = BaseCoordinator.swift; sourceTree = "<group>"; };
		EAD68A4E255505B80083B30D /* AccountMonthDetailsView.xib */ = {isa = PBXFileReference; lastKnownFileType = file.xib; path = AccountMonthDetailsView.xib; sourceTree = "<group>"; };
		EAD68A512555064F0083B30D /* AccountMonthDetailsView.swift */ = {isa = PBXFileReference; lastKnownFileType = sourcecode.swift; path = AccountMonthDetailsView.swift; sourceTree = "<group>"; };
		EAD68A5C2555809D0083B30D /* AccountOperationCell.xib */ = {isa = PBXFileReference; lastKnownFileType = file.xib; path = AccountOperationCell.xib; sourceTree = "<group>"; };
		EAD68A60255580AA0083B30D /* AccountOperationCell.swift */ = {isa = PBXFileReference; lastKnownFileType = sourcecode.swift; path = AccountOperationCell.swift; sourceTree = "<group>"; };
		EAD68A63255580B40083B30D /* AccountOperationCellViewModel.swift */ = {isa = PBXFileReference; lastKnownFileType = sourcecode.swift; path = AccountOperationCellViewModel.swift; sourceTree = "<group>"; };
		EAD68A66255582B20083B30D /* AccountHeaderViewModel.swift */ = {isa = PBXFileReference; lastKnownFileType = sourcecode.swift; path = AccountHeaderViewModel.swift; sourceTree = "<group>"; };
		EAD68A69255582EF0083B30D /* AccountMonthDetailsViewModel.swift */ = {isa = PBXFileReference; lastKnownFileType = sourcecode.swift; path = AccountMonthDetailsViewModel.swift; sourceTree = "<group>"; };
		EAD68A6D25558AC80083B30D /* AccountOperationsSectionHeader.xib */ = {isa = PBXFileReference; lastKnownFileType = file.xib; path = AccountOperationsSectionHeader.xib; sourceTree = "<group>"; };
		EAD68A7025558AD10083B30D /* AccountOperationsSectionHeader.swift */ = {isa = PBXFileReference; lastKnownFileType = sourcecode.swift; path = AccountOperationsSectionHeader.swift; sourceTree = "<group>"; };
		EAD68A73255591030083B30D /* Foundation+Extensions.swift */ = {isa = PBXFileReference; lastKnownFileType = sourcecode.swift; path = "Foundation+Extensions.swift"; sourceTree = "<group>"; };
		EAD68AD6255953A30083B30D /* Rx+Extensions.swift */ = {isa = PBXFileReference; lastKnownFileType = sourcecode.swift; path = "Rx+Extensions.swift"; sourceTree = "<group>"; };
		EAD68ADA25595AB80083B30D /* PieChartView+Rx.swift */ = {isa = PBXFileReference; lastKnownFileType = sourcecode.swift; path = "PieChartView+Rx.swift"; sourceTree = "<group>"; };
		EAD68ADE25595AE00083B30D /* PieChartView.swift */ = {isa = PBXFileReference; lastKnownFileType = sourcecode.swift; path = PieChartView.swift; sourceTree = "<group>"; };
		EAD68AEA2559D5110083B30D /* HighCategoryContainerView.xib */ = {isa = PBXFileReference; lastKnownFileType = file.xib; path = HighCategoryContainerView.xib; sourceTree = "<group>"; };
		EAD68AED2559D52D0083B30D /* HighCategoryContainerView.swift */ = {isa = PBXFileReference; lastKnownFileType = sourcecode.swift; path = HighCategoryContainerView.swift; sourceTree = "<group>"; };
		EAD68AF1255ADE9F0083B30D /* HighCategoriesContainerView.swift */ = {isa = PBXFileReference; lastKnownFileType = sourcecode.swift; path = HighCategoriesContainerView.swift; sourceTree = "<group>"; };
		EAD68AFA255B00870083B30D /* ReportDetailsCoordinator.swift */ = {isa = PBXFileReference; fileEncoding = 4; lastKnownFileType = sourcecode.swift; path = ReportDetailsCoordinator.swift; sourceTree = "<group>"; };
		EAD68AFB255B00870083B30D /* ReportDetailsViewController.storyboard */ = {isa = PBXFileReference; fileEncoding = 4; lastKnownFileType = file.storyboard; path = ReportDetailsViewController.storyboard; sourceTree = "<group>"; };
		EAD68AFC255B00870083B30D /* ReportDetailsViewModel.swift */ = {isa = PBXFileReference; fileEncoding = 4; lastKnownFileType = sourcecode.swift; path = ReportDetailsViewModel.swift; sourceTree = "<group>"; };
		EAD68AFD255B00870083B30D /* ReportDetailsViewController.swift */ = {isa = PBXFileReference; fileEncoding = 4; lastKnownFileType = sourcecode.swift; path = ReportDetailsViewController.swift; sourceTree = "<group>"; };
		EAD68B09255B012C0083B30D /* ProfileDetailsViewModel.swift */ = {isa = PBXFileReference; fileEncoding = 4; lastKnownFileType = sourcecode.swift; path = ProfileDetailsViewModel.swift; sourceTree = "<group>"; };
		EAD68B0A255B012C0083B30D /* ProfileDetailsViewController.storyboard */ = {isa = PBXFileReference; fileEncoding = 4; lastKnownFileType = file.storyboard; path = ProfileDetailsViewController.storyboard; sourceTree = "<group>"; };
		EAD68B0B255B012C0083B30D /* ProfileDetailsViewController.swift */ = {isa = PBXFileReference; fileEncoding = 4; lastKnownFileType = sourcecode.swift; path = ProfileDetailsViewController.swift; sourceTree = "<group>"; };
		EAD68B0C255B012C0083B30D /* ProfileDetailsCoordinator.swift */ = {isa = PBXFileReference; fileEncoding = 4; lastKnownFileType = sourcecode.swift; path = ProfileDetailsCoordinator.swift; sourceTree = "<group>"; };
		EAD68B17255B07110083B30D /* AddEditAccountCoordinator.swift */ = {isa = PBXFileReference; fileEncoding = 4; lastKnownFileType = sourcecode.swift; path = AddEditAccountCoordinator.swift; sourceTree = "<group>"; };
		EAD68B1A255B07110083B30D /* AddEditAccountViewModel.swift */ = {isa = PBXFileReference; fileEncoding = 4; lastKnownFileType = sourcecode.swift; path = AddEditAccountViewModel.swift; sourceTree = "<group>"; };
		EAD68B22255EA9490083B30D /* UITableView+Extensions.swift */ = {isa = PBXFileReference; lastKnownFileType = sourcecode.swift; path = "UITableView+Extensions.swift"; sourceTree = "<group>"; };
/* End PBXFileReference section */

/* Begin PBXFrameworksBuildPhase section */
		EA930C2C2523D54D00E12805 /* Frameworks */ = {
			isa = PBXFrameworksBuildPhase;
			buildActionMask = 2147483647;
			files = (
				EA7F6167252B2C2C008CA432 /* RxCocoa in Frameworks */,
				EA7F6165252B2C2C008CA432 /* RxRelay in Frameworks */,
				EA9BCA982543384D003DE283 /* RxSwiftExt in Frameworks */,
				EA930C6B2523D89C00E12805 /* Dip in Frameworks */,
				EA930C6F2523DA9E00E12805 /* Realm in Frameworks */,
				EA7F6163252B2C2C008CA432 /* RxSwift in Frameworks */,
				EAD68A59255580040083B30D /* Differentiator in Frameworks */,
				EAD68A57255580040083B30D /* RxDataSources in Frameworks */,
				EA930C712523DA9E00E12805 /* RealmSwift in Frameworks */,
				EA7F6169252B2C2C008CA432 /* RxBlocking in Frameworks */,
			);
			runOnlyForDeploymentPostprocessing = 0;
		};
/* End PBXFrameworksBuildPhase section */

/* Begin PBXGroup section */
		EA1D9E672524A7EC00E2027F /* AddEditOperation */ = {
			isa = PBXGroup;
			children = (
				EA1D9E702524B07100E2027F /* AddEditOperationViewController.storyboard */,
				EA1D9E742524B07B00E2027F /* AddEditOperationViewController.swift */,
				EA1D9E782524B08500E2027F /* AddEditOperationViewModel.swift */,
				EA1D9E682524A80A00E2027F /* AddEditOperationCoordinator.swift */,
			);
			path = AddEditOperation;
			sourceTree = "<group>";
		};
		EA1D9E7C2524D2E400E2027F /* Repositories */ = {
			isa = PBXGroup;
			children = (
			);
			path = Repositories;
			sourceTree = "<group>";
		};
		EA1D9E822524D2E500E2027F /* Common */ = {
			isa = PBXGroup;
			children = (
				EA1D9E832524D2E500E2027F /* RealmConvertible.swift */,
				EA1D9E842524D2E500E2027F /* RealmStorage.swift */,
				EA1D9E852524D2E500E2027F /* DomainEntityConvertible.swift */,
				EA1D9E862524D2E500E2027F /* Realm+Extensions.swift */,
			);
			path = Common;
			sourceTree = "<group>";
		};
		EA1D9E872524D2E500E2027F /* RealmModels */ = {
			isa = PBXGroup;
			children = (
				EA1D9E8A2524D2E500E2027F /* RMOperation.swift */,
				EA1D9E8C2524D2E500E2027F /* RMCategory.swift */,
				EA009480252641F900746222 /* RMAccount.swift */,
				EA0094902527264E00746222 /* RMAccountGroup.swift */,
			);
			path = RealmModels;
			sourceTree = "<group>";
		};
		EA7EE7122571551B00A82386 /* CustomTransitions */ = {
			isa = PBXGroup;
			children = (
				EA7EE722257161C600A82386 /* PushTransition.swift */,
			);
			path = CustomTransitions;
			sourceTree = "<group>";
		};
		EA7EE7272571837200A82386 /* AccountsListAccountCell */ = {
			isa = PBXGroup;
			children = (
				EA7EE7302571857000A82386 /* AccountsListAccountCell.xib */,
				EA7EE7282571838E00A82386 /* AccountsListAccountCell.swift */,
				EA7EE72D257183C700A82386 /* AccountsListAccountCellViewModel.swift */,
			);
			path = AccountsListAccountCell;
			sourceTree = "<group>";
		};
		EA7EE7332571859500A82386 /* AccountsListGroupCell */ = {
			isa = PBXGroup;
			children = (
				EA7EE73B2571875300A82386 /* AccountsListGroupCell.xib */,
				EA7EE735257186FE00A82386 /* AccountsListGroupCell.swift */,
				EA7EE7382571872B00A82386 /* AccountsListGroupCellViewModelType.swift */,
			);
			path = AccountsListGroupCell;
			sourceTree = "<group>";
		};
		EA7EE74125727FE900A82386 /* BaseModalViewController */ = {
			isa = PBXGroup;
			children = (
				EA7EE7422572801E00A82386 /* BaseModalViewController.storyboard */,
				EA7EE7452572807300A82386 /* BaseModalViewController.swift */,
				EA7EE7492572837400A82386 /* BaseModalViewModelType.swift */,
			);
			path = BaseModalViewController;
			sourceTree = "<group>";
		};
		EA7EE74E2572FE0F00A82386 /* TitleInputCell */ = {
			isa = PBXGroup;
			children = (
				EA7EE7552572FF4300A82386 /* TitleInputCell.xib */,
				EA7EE74F2572FE6C00A82386 /* TitleInputCell.swift */,
				EA7EE7522572FECB00A82386 /* TitleInputCellViewModel.swift */,
			);
			path = TitleInputCell;
			sourceTree = "<group>";
		};
		EA88F77325372F7B005F9EC0 /* AccountsList */ = {
			isa = PBXGroup;
			children = (
				EA7EE7272571837200A82386 /* AccountsListAccountCell */,
				EA7EE7332571859500A82386 /* AccountsListGroupCell */,
				EA9BCAA7254345AA003DE283 /* AccountsListViewController.storyboard */,
				EA9BCA9D25434421003DE283 /* AccountsListViewController.swift */,
				EA9BCAA025434434003DE283 /* AccountsListViewModel.swift */,
				EA9BCAA32543443F003DE283 /* AccountsListCoordinator.swift */,
			);
			path = AccountsList;
			sourceTree = "<group>";
		};
		EA930C262523D54D00E12805 = {
			isa = PBXGroup;
			children = (
				EA930C312523D54D00E12805 /* Finply */,
				EA930C782523DE1A00E12805 /* FinplyTests */,
				EA930C302523D54D00E12805 /* Products */,
			);
			sourceTree = "<group>";
		};
		EA930C302523D54D00E12805 /* Products */ = {
			isa = PBXGroup;
			children = (
				EA930C2F2523D54D00E12805 /* Finply.app */,
			);
			name = Products;
			sourceTree = "<group>";
		};
		EA930C312523D54D00E12805 /* Finply */ = {
			isa = PBXGroup;
			children = (
				EA930C472523D5A100E12805 /* Scenes */,
				EA930C4F2523D64F00E12805 /* Models */,
				EA930C4C2523D61200E12805 /* Services */,
				EA930C4D2523D62100E12805 /* Persistence */,
				EA930C502523D66800E12805 /* Configuration */,
				EA930C4E2523D63500E12805 /* Utils */,
				EA930C492523D5C600E12805 /* Resources */,
				EA930C322523D54D00E12805 /* AppDelegate.swift */,
				EA930C342523D54D00E12805 /* SceneDelegate.swift */,
				EA7F616C252B2D13008CA432 /* .swiftlint.yml */,
				EA930C402523D54F00E12805 /* Info.plist */,
				EA1D9E9D2524D9C000E2027F /* File */,
			);
			path = Finply;
			sourceTree = "<group>";
		};
		EA930C472523D5A100E12805 /* Scenes */ = {
			isa = PBXGroup;
			children = (
				EAD68A392554F8810083B30D /* AccountDetails */,
				EA9F66242554E44000441ED0 /* PlanningList */,
				EA9F66292554E44000441ED0 /* BudgetsList */,
				EA1D9E672524A7EC00E2027F /* AddEditOperation */,
				EA88F77325372F7B005F9EC0 /* AccountsList */,
				EAD68B16255B07110083B30D /* AddEditAccount */,
				EAD68AF9255B00870083B30D /* ReportDetails */,
				EAD68B08255B012C0083B30D /* ProfileDetails */,
				EAD68A98255804530083B30D /* UIComponents */,
				EAD68A472554F9C80083B30D /* BaseCoordinator.swift */,
				EAD68A462554F9C80083B30D /* AppCoordinator.swift */,
			);
			path = Scenes;
			sourceTree = "<group>";
		};
		EA930C492523D5C600E12805 /* Resources */ = {
			isa = PBXGroup;
			children = (
				EA930C3B2523D54F00E12805 /* Assets.xcassets */,
				EA930C3D2523D54F00E12805 /* LaunchScreen.storyboard */,
			);
			path = Resources;
			sourceTree = "<group>";
		};
		EA930C4C2523D61200E12805 /* Services */ = {
			isa = PBXGroup;
			children = (
				EA930CFC2524940600E12805 /* FPAccountService.swift */,
				EA88F7702536F6E6005F9EC0 /* FPOperationService.swift */,
				EA7EE7592573175300A82386 /* UserStateService.swift */,
			);
			path = Services;
			sourceTree = "<group>";
		};
		EA930C4D2523D62100E12805 /* Persistence */ = {
			isa = PBXGroup;
			children = (
				EA1D9E822524D2E500E2027F /* Common */,
				EA1D9E872524D2E500E2027F /* RealmModels */,
				EA1D9E7C2524D2E400E2027F /* Repositories */,
			);
			path = Persistence;
			sourceTree = "<group>";
		};
		EA930C4E2523D63500E12805 /* Utils */ = {
			isa = PBXGroup;
			children = (
				EA930CC0252484B900E12805 /* Reusable */,
				EA930CDF2524864800E12805 /* Extensions */,
				EA930CD52524859E00E12805 /* BindableType.swift */,
				EA930CDB252485C500E12805 /* NibLoadable.swift */,
			);
			path = Utils;
			sourceTree = "<group>";
		};
		EA930C4F2523D64F00E12805 /* Models */ = {
			isa = PBXGroup;
			children = (
				EA930CE6252486DB00E12805 /* FPOperation.swift */,
				EA930CEC25248A4800E12805 /* FPCategory.swift */,
				EA930CF025248AB800E12805 /* FPAccount.swift */,
				EA930CF425248BA400E12805 /* FPAccountGroup.swift */,
			);
			path = Models;
			sourceTree = "<group>";
		};
		EA930C502523D66800E12805 /* Configuration */ = {
			isa = PBXGroup;
			children = (
				EA930D022524943C00E12805 /* FinplyDI.swift */,
			);
			path = Configuration;
			sourceTree = "<group>";
		};
		EA930C782523DE1A00E12805 /* FinplyTests */ = {
			isa = PBXGroup;
			children = (
				EA930C792523DE1A00E12805 /* FinplyTests.swift */,
				EA930C7B2523DE1A00E12805 /* Info.plist */,
			);
			path = FinplyTests;
			sourceTree = "<group>";
		};
		EA930CC0252484B900E12805 /* Reusable */ = {
			isa = PBXGroup;
			children = (
				EA930CCF2524857900E12805 /* Reusable.swift */,
				EA930CC72524851000E12805 /* StoryboardBased.swift */,
				EA930CCB2524854600E12805 /* NibBased.swift */,
				EA930CC1252484CD00E12805 /* UITableView+Reusable.swift */,
			);
			path = Reusable;
			sourceTree = "<group>";
		};
		EA930CDF2524864800E12805 /* Extensions */ = {
			isa = PBXGroup;
			children = (
				EA930CE02524865A00E12805 /* Sequence+Extensions.swift */,
				EAD68A73255591030083B30D /* Foundation+Extensions.swift */,
				EAD68AD6255953A30083B30D /* Rx+Extensions.swift */,
				EAD68B22255EA9490083B30D /* UITableView+Extensions.swift */,
				EA48F366256681B5007FE1BA /* UIView+Extensions.swift */,
				EAAE9C11256F090700790931 /* UIVIewController+Extensions.swift */,
				EAAE9C1425701F8200790931 /* UIPageViewController+Extensions.swift */,
			);
			path = Extensions;
			sourceTree = "<group>";
		};
		EA9F66242554E44000441ED0 /* PlanningList */ = {
			isa = PBXGroup;
			children = (
				EA9F66252554E44000441ED0 /* PlanningListViewController.storyboard */,
				EA9F66272554E44000441ED0 /* PlanningListViewController.swift */,
				EA9F66282554E44000441ED0 /* PlanningListViewModel.swift */,
				EA9F66262554E44000441ED0 /* PlanningListCoordinator.swift */,
			);
			path = PlanningList;
			sourceTree = "<group>";
		};
		EA9F66292554E44000441ED0 /* BudgetsList */ = {
			isa = PBXGroup;
			children = (
				EA9F662C2554E44000441ED0 /* BudgetsListViewController.storyboard */,
				EA9F662D2554E44000441ED0 /* BudgetsListViewController.swift */,
				EA9F662B2554E44000441ED0 /* BudgetsListViewModel.swift */,
				EA9F662A2554E44000441ED0 /* BudgetsListCoordinator.swift */,
			);
			path = BudgetsList;
			sourceTree = "<group>";
		};
		EAD68A2E2554F7F40083B30D /* AccountHeaderView */ = {
			isa = PBXGroup;
			children = (
				EAD68A2F2554F8150083B30D /* AccountHeaderView.xib */,
				EAD68A322554F8220083B30D /* AccountHeaderView.swift */,
				EAD68A66255582B20083B30D /* AccountHeaderViewModel.swift */,
			);
			path = AccountHeaderView;
			sourceTree = "<group>";
		};
		EAD68A392554F8810083B30D /* AccountDetails */ = {
			isa = PBXGroup;
			children = (
				EAD68A2E2554F7F40083B30D /* AccountHeaderView */,
				EAD68A4D255505750083B30D /* AccountMonthDetailsView */,
				EAD68A6C25558AA20083B30D /* AccountOperationsSectionHeader */,
				EAD68A5B255580800083B30D /* AccountOperationCell */,
				EAD68A3A2554F8810083B30D /* AccountDetailsViewController.storyboard */,
				EAD68A3C2554F8810083B30D /* AccountDetailsViewController.swift */,
				EAD68A3B2554F8810083B30D /* AccountDetailsViewModel.swift */,
				EAD68A3D2554F8810083B30D /* AccountDetailsCoordinator.swift */,
			);
			path = AccountDetails;
			sourceTree = "<group>";
		};
		EAD68A4D255505750083B30D /* AccountMonthDetailsView */ = {
			isa = PBXGroup;
			children = (
				EAD68AE92559D4F10083B30D /* HighCategoriesContainerView */,
				EAD68A4E255505B80083B30D /* AccountMonthDetailsView.xib */,
				EAD68A512555064F0083B30D /* AccountMonthDetailsView.swift */,
				EAD68A69255582EF0083B30D /* AccountMonthDetailsViewModel.swift */,
			);
			path = AccountMonthDetailsView;
			sourceTree = "<group>";
		};
		EAD68A5B255580800083B30D /* AccountOperationCell */ = {
			isa = PBXGroup;
			children = (
				EAD68A5C2555809D0083B30D /* AccountOperationCell.xib */,
				EAD68A60255580AA0083B30D /* AccountOperationCell.swift */,
				EAD68A63255580B40083B30D /* AccountOperationCellViewModel.swift */,
			);
			path = AccountOperationCell;
			sourceTree = "<group>";
		};
		EAD68A6C25558AA20083B30D /* AccountOperationsSectionHeader */ = {
			isa = PBXGroup;
			children = (
				EAD68A6D25558AC80083B30D /* AccountOperationsSectionHeader.xib */,
				EAD68A7025558AD10083B30D /* AccountOperationsSectionHeader.swift */,
			);
			path = AccountOperationsSectionHeader;
			sourceTree = "<group>";
		};
		EAD68A98255804530083B30D /* UIComponents */ = {
			isa = PBXGroup;
			children = (
				EA7EE74125727FE900A82386 /* BaseModalViewController */,
				EA7EE7122571551B00A82386 /* CustomTransitions */,
				EAD68AD925595AA40083B30D /* PieChartView */,
				EAAE9BF3256ED7F400790931 /* GradientView.swift */,
			);
			path = UIComponents;
			sourceTree = "<group>";
		};
		EAD68AD925595AA40083B30D /* PieChartView */ = {
			isa = PBXGroup;
			children = (
				EAD68ADE25595AE00083B30D /* PieChartView.swift */,
				EAD68ADA25595AB80083B30D /* PieChartView+Rx.swift */,
			);
			path = PieChartView;
			sourceTree = "<group>";
		};
		EAD68AE92559D4F10083B30D /* HighCategoriesContainerView */ = {
			isa = PBXGroup;
			children = (
				EAD68AEA2559D5110083B30D /* HighCategoryContainerView.xib */,
				EAD68AED2559D52D0083B30D /* HighCategoryContainerView.swift */,
				EAD68AF1255ADE9F0083B30D /* HighCategoriesContainerView.swift */,
			);
			path = HighCategoriesContainerView;
			sourceTree = "<group>";
		};
		EAD68AF9255B00870083B30D /* ReportDetails */ = {
			isa = PBXGroup;
			children = (
				EAD68AFB255B00870083B30D /* ReportDetailsViewController.storyboard */,
				EAD68AFD255B00870083B30D /* ReportDetailsViewController.swift */,
				EAD68AFC255B00870083B30D /* ReportDetailsViewModel.swift */,
				EAD68AFA255B00870083B30D /* ReportDetailsCoordinator.swift */,
			);
			path = ReportDetails;
			sourceTree = "<group>";
		};
		EAD68B08255B012C0083B30D /* ProfileDetails */ = {
			isa = PBXGroup;
			children = (
				EAD68B0A255B012C0083B30D /* ProfileDetailsViewController.storyboard */,
				EAD68B0B255B012C0083B30D /* ProfileDetailsViewController.swift */,
				EAD68B09255B012C0083B30D /* ProfileDetailsViewModel.swift */,
				EAD68B0C255B012C0083B30D /* ProfileDetailsCoordinator.swift */,
			);
			path = ProfileDetails;
			sourceTree = "<group>";
		};
		EAD68B16255B07110083B30D /* AddEditAccount */ = {
			isa = PBXGroup;
			children = (
				EA7EE74E2572FE0F00A82386 /* TitleInputCell */,
				EAD68B1A255B07110083B30D /* AddEditAccountViewModel.swift */,
				EAD68B17255B07110083B30D /* AddEditAccountCoordinator.swift */,
			);
			path = AddEditAccount;
			sourceTree = "<group>";
		};
/* End PBXGroup section */

/* Begin PBXNativeTarget section */
		EA930C2E2523D54D00E12805 /* Finply */ = {
			isa = PBXNativeTarget;
			buildConfigurationList = EA930C432523D54F00E12805 /* Build configuration list for PBXNativeTarget "Finply" */;
			buildPhases = (
				EA930C2B2523D54D00E12805 /* Sources */,
				EA930C2C2523D54D00E12805 /* Frameworks */,
				EA930C2D2523D54D00E12805 /* Resources */,
				EA930C522523D6D800E12805 /* SwiftLint */,
			);
			buildRules = (
			);
			dependencies = (
			);
			name = Finply;
			packageProductDependencies = (
				EA930C6A2523D89C00E12805 /* Dip */,
				EA930C6E2523DA9E00E12805 /* Realm */,
				EA930C702523DA9E00E12805 /* RealmSwift */,
				EA7F6162252B2C2C008CA432 /* RxSwift */,
				EA7F6164252B2C2C008CA432 /* RxRelay */,
				EA7F6166252B2C2C008CA432 /* RxCocoa */,
				EA7F6168252B2C2C008CA432 /* RxBlocking */,
				EA9BCA972543384D003DE283 /* RxSwiftExt */,
				EAD68A56255580040083B30D /* RxDataSources */,
				EAD68A58255580040083B30D /* Differentiator */,
			);
			productName = Fimple;
			productReference = EA930C2F2523D54D00E12805 /* Finply.app */;
			productType = "com.apple.product-type.application";
		};
/* End PBXNativeTarget section */

/* Begin PBXProject section */
		EA930C272523D54D00E12805 /* Project object */ = {
			isa = PBXProject;
			attributes = {
				LastSwiftUpdateCheck = 1200;
				LastUpgradeCheck = 1200;
				TargetAttributes = {
					EA930C2E2523D54D00E12805 = {
						CreatedOnToolsVersion = 12.0;
					};
				};
			};
			buildConfigurationList = EA930C2A2523D54D00E12805 /* Build configuration list for PBXProject "Finply" */;
			compatibilityVersion = "Xcode 9.3";
			developmentRegion = en;
			hasScannedForEncodings = 0;
			knownRegions = (
				en,
				Base,
			);
			mainGroup = EA930C262523D54D00E12805;
			packageReferences = (
				EA930C692523D89C00E12805 /* XCRemoteSwiftPackageReference "Dip" */,
				EA930C6D2523DA9E00E12805 /* XCRemoteSwiftPackageReference "realm-cocoa" */,
				EA7F6161252B2C2C008CA432 /* XCRemoteSwiftPackageReference "RxSwift" */,
				EA9BCA962543384D003DE283 /* XCRemoteSwiftPackageReference "RxSwiftExt" */,
				EAD68A55255580040083B30D /* XCRemoteSwiftPackageReference "RxDataSources" */,
			);
			productRefGroup = EA930C302523D54D00E12805 /* Products */;
			projectDirPath = "";
			projectRoot = "";
			targets = (
				EA930C2E2523D54D00E12805 /* Finply */,
			);
		};
/* End PBXProject section */

/* Begin PBXResourcesBuildPhase section */
		EA930C2D2523D54D00E12805 /* Resources */ = {
			isa = PBXResourcesBuildPhase;
			buildActionMask = 2147483647;
			files = (
				EAD68A5D2555809D0083B30D /* AccountOperationCell.xib in Resources */,
				EA7EE7312571857000A82386 /* AccountsListAccountCell.xib in Resources */,
				EAD68A4F255505B80083B30D /* AccountMonthDetailsView.xib in Resources */,
				EA9F66342554E44000441ED0 /* BudgetsListViewController.storyboard in Resources */,
				EA9BCAA8254345AA003DE283 /* AccountsListViewController.storyboard in Resources */,
				EAD68B0E255B012C0083B30D /* ProfileDetailsViewController.storyboard in Resources */,
				EA7F616D252B2D13008CA432 /* .swiftlint.yml in Resources */,
				EAD68AEB2559D5110083B30D /* HighCategoryContainerView.xib in Resources */,
				EAD68AFF255B00870083B30D /* ReportDetailsViewController.storyboard in Resources */,
				EA7EE7562572FF4300A82386 /* TitleInputCell.xib in Resources */,
				EA930C3F2523D54F00E12805 /* LaunchScreen.storyboard in Resources */,
				EAD68A3E2554F8810083B30D /* AccountDetailsViewController.storyboard in Resources */,
				EA7EE7432572801E00A82386 /* BaseModalViewController.storyboard in Resources */,
				EA930C3C2523D54F00E12805 /* Assets.xcassets in Resources */,
				EA1D9E712524B07100E2027F /* AddEditOperationViewController.storyboard in Resources */,
				EA9F662E2554E44000441ED0 /* PlanningListViewController.storyboard in Resources */,
				EAD68A302554F8150083B30D /* AccountHeaderView.xib in Resources */,
				EAD68A6E25558AC80083B30D /* AccountOperationsSectionHeader.xib in Resources */,
				EA7EE73C2571875300A82386 /* AccountsListGroupCell.xib in Resources */,
				EA1D9E9E2524D9C000E2027F /* File in Resources */,
			);
			runOnlyForDeploymentPostprocessing = 0;
		};
/* End PBXResourcesBuildPhase section */

/* Begin PBXShellScriptBuildPhase section */
		EA930C522523D6D800E12805 /* SwiftLint */ = {
			isa = PBXShellScriptBuildPhase;
			buildActionMask = 2147483647;
			files = (
			);
			inputFileListPaths = (
			);
			inputPaths = (
			);
			name = SwiftLint;
			outputFileListPaths = (
			);
			outputPaths = (
			);
			runOnlyForDeploymentPostprocessing = 0;
			shellPath = /bin/sh;
			shellScript = "if which swiftlint >/dev/null; then\nswiftlint\nelse\necho \"error: SwiftLint does not exist, download it from https://github.com/realm/SwiftLint\"\nexit 1\nfi\n";
		};
/* End PBXShellScriptBuildPhase section */

/* Begin PBXSourcesBuildPhase section */
		EA930C2B2523D54D00E12805 /* Sources */ = {
			isa = PBXSourcesBuildPhase;
			buildActionMask = 2147483647;
			files = (
				EAD68ADF25595AE00083B30D /* PieChartView.swift in Sources */,
				EAD68A482554F9C80083B30D /* AppCoordinator.swift in Sources */,
				EA0094912527264E00746222 /* RMAccountGroup.swift in Sources */,
				EA9F66312554E44000441ED0 /* PlanningListViewModel.swift in Sources */,
				EA7EE75A2573175300A82386 /* UserStateService.swift in Sources */,
				EA930CDC252485C500E12805 /* NibLoadable.swift in Sources */,
				EA930CFD2524940600E12805 /* FPAccountService.swift in Sources */,
				EAD68A3F2554F8810083B30D /* AccountDetailsViewModel.swift in Sources */,
				EAAE9BF4256ED7F400790931 /* GradientView.swift in Sources */,
				EAD68A64255580B40083B30D /* AccountOperationCellViewModel.swift in Sources */,
				EA930C332523D54D00E12805 /* AppDelegate.swift in Sources */,
				EAD68A67255582B20083B30D /* AccountHeaderViewModel.swift in Sources */,
				EA930CC2252484CD00E12805 /* UITableView+Reusable.swift in Sources */,
				EAD68A492554F9C80083B30D /* BaseCoordinator.swift in Sources */,
				EA7EE74A2572837400A82386 /* BaseModalViewModelType.swift in Sources */,
				EAD68AEE2559D52D0083B30D /* HighCategoryContainerView.swift in Sources */,
				EA9BCAA42543443F003DE283 /* AccountsListCoordinator.swift in Sources */,
				EA930CD02524857900E12805 /* Reusable.swift in Sources */,
				EA930CE12524865A00E12805 /* Sequence+Extensions.swift in Sources */,
				EAD68AFE255B00870083B30D /* ReportDetailsCoordinator.swift in Sources */,
				EA930CED25248A4800E12805 /* FPCategory.swift in Sources */,
				EA88F7712536F6E6005F9EC0 /* FPOperationService.swift in Sources */,
				EAD68B0F255B012C0083B30D /* ProfileDetailsViewController.swift in Sources */,
				EAD68A412554F8810083B30D /* AccountDetailsCoordinator.swift in Sources */,
				EA9BCAA125434434003DE283 /* AccountsListViewModel.swift in Sources */,
				EA9F66322554E44000441ED0 /* BudgetsListCoordinator.swift in Sources */,
				EA7EE723257161C600A82386 /* PushTransition.swift in Sources */,
				EAD68AD7255953A30083B30D /* Rx+Extensions.swift in Sources */,
				EAD68A7125558AD10083B30D /* AccountOperationsSectionHeader.swift in Sources */,
				EA009481252641F900746222 /* RMAccount.swift in Sources */,
				EA930CC82524851000E12805 /* StoryboardBased.swift in Sources */,
				EA1D9E692524A80A00E2027F /* AddEditOperationCoordinator.swift in Sources */,
				EAD68A6A255582EF0083B30D /* AccountMonthDetailsViewModel.swift in Sources */,
				EA7EE736257186FE00A82386 /* AccountsListGroupCell.swift in Sources */,
				EA7EE7292571838E00A82386 /* AccountsListAccountCell.swift in Sources */,
				EAAE9C1525701F8200790931 /* UIPageViewController+Extensions.swift in Sources */,
				EA7EE7392571872B00A82386 /* AccountsListGroupCellViewModelType.swift in Sources */,
				EA930CF525248BA400E12805 /* FPAccountGroup.swift in Sources */,
				EAD68B00255B00870083B30D /* ReportDetailsViewModel.swift in Sources */,
				EAD68A332554F8220083B30D /* AccountHeaderView.swift in Sources */,
				EA930C352523D54D00E12805 /* SceneDelegate.swift in Sources */,
				EAD68AF2255ADEA00083B30D /* HighCategoriesContainerView.swift in Sources */,
				EA9F662F2554E44000441ED0 /* PlanningListCoordinator.swift in Sources */,
				EAD68A402554F8810083B30D /* AccountDetailsViewController.swift in Sources */,
				EA1D9E982524D2E500E2027F /* RMOperation.swift in Sources */,
				EAD68B10255B012C0083B30D /* ProfileDetailsCoordinator.swift in Sources */,
				EA7EE7502572FE6C00A82386 /* TitleInputCell.swift in Sources */,
				EA7EE7532572FECB00A82386 /* TitleInputCellViewModel.swift in Sources */,
				EAD68B1B255B07110083B30D /* AddEditAccountCoordinator.swift in Sources */,
				EA1D9E932524D2E500E2027F /* RealmStorage.swift in Sources */,
				EA1D9E922524D2E500E2027F /* RealmConvertible.swift in Sources */,
				EAD68A61255580AA0083B30D /* AccountOperationCell.swift in Sources */,
				EA1D9E792524B08500E2027F /* AddEditOperationViewModel.swift in Sources */,
				EA1D9E752524B07B00E2027F /* AddEditOperationViewController.swift in Sources */,
				EA1D9E9A2524D2E500E2027F /* RMCategory.swift in Sources */,
				EA7EE7462572807300A82386 /* BaseModalViewController.swift in Sources */,
				EA930CD62524859E00E12805 /* BindableType.swift in Sources */,
				EAD68A522555064F0083B30D /* AccountMonthDetailsView.swift in Sources */,
				EA9BCA9E25434421003DE283 /* AccountsListViewController.swift in Sources */,
				EA930CCC2524854600E12805 /* NibBased.swift in Sources */,
				EA1D9E942524D2E500E2027F /* DomainEntityConvertible.swift in Sources */,
				EAD68B23255EA9490083B30D /* UITableView+Extensions.swift in Sources */,
				EAD68B1E255B07110083B30D /* AddEditAccountViewModel.swift in Sources */,
				EA48F367256681B5007FE1BA /* UIView+Extensions.swift in Sources */,
				EAD68ADB25595AB80083B30D /* PieChartView+Rx.swift in Sources */,
				EA930D032524943C00E12805 /* FinplyDI.swift in Sources */,
				EA7EE72E257183C700A82386 /* AccountsListAccountCellViewModel.swift in Sources */,
				EAD68A74255591030083B30D /* Foundation+Extensions.swift in Sources */,
				EA930CE7252486DB00E12805 /* FPOperation.swift in Sources */,
				EAAE9C12256F090700790931 /* UIVIewController+Extensions.swift in Sources */,
				EAD68B0D255B012C0083B30D /* ProfileDetailsViewModel.swift in Sources */,
				EA930CF125248AB800E12805 /* FPAccount.swift in Sources */,
				EA9F66332554E44000441ED0 /* BudgetsListViewModel.swift in Sources */,
				EA9F66302554E44000441ED0 /* PlanningListViewController.swift in Sources */,
				EAD68B01255B00870083B30D /* ReportDetailsViewController.swift in Sources */,
				EA1D9E952524D2E500E2027F /* Realm+Extensions.swift in Sources */,
				EA9F66352554E44000441ED0 /* BudgetsListViewController.swift in Sources */,
			);
			runOnlyForDeploymentPostprocessing = 0;
		};
/* End PBXSourcesBuildPhase section */

/* Begin PBXVariantGroup section */
		EA930C3D2523D54F00E12805 /* LaunchScreen.storyboard */ = {
			isa = PBXVariantGroup;
			children = (
				EA930C3E2523D54F00E12805 /* Base */,
			);
			name = LaunchScreen.storyboard;
			sourceTree = "<group>";
		};
/* End PBXVariantGroup section */

/* Begin XCBuildConfiguration section */
		EA930C412523D54F00E12805 /* Debug */ = {
			isa = XCBuildConfiguration;
			buildSettings = {
				ALWAYS_SEARCH_USER_PATHS = NO;
				CLANG_ANALYZER_NONNULL = YES;
				CLANG_ANALYZER_NUMBER_OBJECT_CONVERSION = YES_AGGRESSIVE;
				CLANG_CXX_LANGUAGE_STANDARD = "gnu++14";
				CLANG_CXX_LIBRARY = "libc++";
				CLANG_ENABLE_MODULES = YES;
				CLANG_ENABLE_OBJC_ARC = YES;
				CLANG_ENABLE_OBJC_WEAK = YES;
				CLANG_WARN_BLOCK_CAPTURE_AUTORELEASING = YES;
				CLANG_WARN_BOOL_CONVERSION = YES;
				CLANG_WARN_COMMA = YES;
				CLANG_WARN_CONSTANT_CONVERSION = YES;
				CLANG_WARN_DEPRECATED_OBJC_IMPLEMENTATIONS = YES;
				CLANG_WARN_DIRECT_OBJC_ISA_USAGE = YES_ERROR;
				CLANG_WARN_DOCUMENTATION_COMMENTS = YES;
				CLANG_WARN_EMPTY_BODY = YES;
				CLANG_WARN_ENUM_CONVERSION = YES;
				CLANG_WARN_INFINITE_RECURSION = YES;
				CLANG_WARN_INT_CONVERSION = YES;
				CLANG_WARN_NON_LITERAL_NULL_CONVERSION = YES;
				CLANG_WARN_OBJC_IMPLICIT_RETAIN_SELF = YES;
				CLANG_WARN_OBJC_LITERAL_CONVERSION = YES;
				CLANG_WARN_OBJC_ROOT_CLASS = YES_ERROR;
				CLANG_WARN_QUOTED_INCLUDE_IN_FRAMEWORK_HEADER = YES;
				CLANG_WARN_RANGE_LOOP_ANALYSIS = YES;
				CLANG_WARN_STRICT_PROTOTYPES = YES;
				CLANG_WARN_SUSPICIOUS_MOVE = YES;
				CLANG_WARN_UNGUARDED_AVAILABILITY = YES_AGGRESSIVE;
				CLANG_WARN_UNREACHABLE_CODE = YES;
				CLANG_WARN__DUPLICATE_METHOD_MATCH = YES;
				COPY_PHASE_STRIP = NO;
				DEBUG_INFORMATION_FORMAT = dwarf;
				ENABLE_STRICT_OBJC_MSGSEND = YES;
				ENABLE_TESTABILITY = YES;
				GCC_C_LANGUAGE_STANDARD = gnu11;
				GCC_DYNAMIC_NO_PIC = NO;
				GCC_NO_COMMON_BLOCKS = YES;
				GCC_OPTIMIZATION_LEVEL = 0;
				GCC_PREPROCESSOR_DEFINITIONS = (
					"DEBUG=1",
					"$(inherited)",
				);
				GCC_WARN_64_TO_32_BIT_CONVERSION = YES;
				GCC_WARN_ABOUT_RETURN_TYPE = YES_ERROR;
				GCC_WARN_UNDECLARED_SELECTOR = YES;
				GCC_WARN_UNINITIALIZED_AUTOS = YES_AGGRESSIVE;
				GCC_WARN_UNUSED_FUNCTION = YES;
				GCC_WARN_UNUSED_VARIABLE = YES;
				IPHONEOS_DEPLOYMENT_TARGET = 14.0;
				MTL_ENABLE_DEBUG_INFO = INCLUDE_SOURCE;
				MTL_FAST_MATH = YES;
				ONLY_ACTIVE_ARCH = YES;
				SDKROOT = iphoneos;
				SWIFT_ACTIVE_COMPILATION_CONDITIONS = DEBUG;
				SWIFT_OPTIMIZATION_LEVEL = "-Onone";
				SWIFT_SUPPRESS_WARNINGS = YES;
			};
			name = Debug;
		};
		EA930C422523D54F00E12805 /* Release */ = {
			isa = XCBuildConfiguration;
			buildSettings = {
				ALWAYS_SEARCH_USER_PATHS = NO;
				CLANG_ANALYZER_NONNULL = YES;
				CLANG_ANALYZER_NUMBER_OBJECT_CONVERSION = YES_AGGRESSIVE;
				CLANG_CXX_LANGUAGE_STANDARD = "gnu++14";
				CLANG_CXX_LIBRARY = "libc++";
				CLANG_ENABLE_MODULES = YES;
				CLANG_ENABLE_OBJC_ARC = YES;
				CLANG_ENABLE_OBJC_WEAK = YES;
				CLANG_WARN_BLOCK_CAPTURE_AUTORELEASING = YES;
				CLANG_WARN_BOOL_CONVERSION = YES;
				CLANG_WARN_COMMA = YES;
				CLANG_WARN_CONSTANT_CONVERSION = YES;
				CLANG_WARN_DEPRECATED_OBJC_IMPLEMENTATIONS = YES;
				CLANG_WARN_DIRECT_OBJC_ISA_USAGE = YES_ERROR;
				CLANG_WARN_DOCUMENTATION_COMMENTS = YES;
				CLANG_WARN_EMPTY_BODY = YES;
				CLANG_WARN_ENUM_CONVERSION = YES;
				CLANG_WARN_INFINITE_RECURSION = YES;
				CLANG_WARN_INT_CONVERSION = YES;
				CLANG_WARN_NON_LITERAL_NULL_CONVERSION = YES;
				CLANG_WARN_OBJC_IMPLICIT_RETAIN_SELF = YES;
				CLANG_WARN_OBJC_LITERAL_CONVERSION = YES;
				CLANG_WARN_OBJC_ROOT_CLASS = YES_ERROR;
				CLANG_WARN_QUOTED_INCLUDE_IN_FRAMEWORK_HEADER = YES;
				CLANG_WARN_RANGE_LOOP_ANALYSIS = YES;
				CLANG_WARN_STRICT_PROTOTYPES = YES;
				CLANG_WARN_SUSPICIOUS_MOVE = YES;
				CLANG_WARN_UNGUARDED_AVAILABILITY = YES_AGGRESSIVE;
				CLANG_WARN_UNREACHABLE_CODE = YES;
				CLANG_WARN__DUPLICATE_METHOD_MATCH = YES;
				COPY_PHASE_STRIP = NO;
				DEBUG_INFORMATION_FORMAT = "dwarf-with-dsym";
				ENABLE_NS_ASSERTIONS = NO;
				ENABLE_STRICT_OBJC_MSGSEND = YES;
				GCC_C_LANGUAGE_STANDARD = gnu11;
				GCC_NO_COMMON_BLOCKS = YES;
				GCC_WARN_64_TO_32_BIT_CONVERSION = YES;
				GCC_WARN_ABOUT_RETURN_TYPE = YES_ERROR;
				GCC_WARN_UNDECLARED_SELECTOR = YES;
				GCC_WARN_UNINITIALIZED_AUTOS = YES_AGGRESSIVE;
				GCC_WARN_UNUSED_FUNCTION = YES;
				GCC_WARN_UNUSED_VARIABLE = YES;
				IPHONEOS_DEPLOYMENT_TARGET = 14.0;
				MTL_ENABLE_DEBUG_INFO = NO;
				MTL_FAST_MATH = YES;
				SDKROOT = iphoneos;
				SWIFT_COMPILATION_MODE = wholemodule;
				SWIFT_OPTIMIZATION_LEVEL = "-O";
				SWIFT_SUPPRESS_WARNINGS = YES;
				VALIDATE_PRODUCT = YES;
			};
			name = Release;
		};
		EA930C442523D54F00E12805 /* Debug */ = {
			isa = XCBuildConfiguration;
			buildSettings = {
				ASSETCATALOG_COMPILER_APPICON_NAME = AppIcon;
				ASSETCATALOG_COMPILER_GLOBAL_ACCENT_COLOR_NAME = AccentColor;
				CODE_SIGN_IDENTITY = "Apple Development";
				CODE_SIGN_STYLE = Automatic;
				CURRENT_PROJECT_VERSION = 2;
				DEVELOPMENT_TEAM = 36993D57Z5;
				INFOPLIST_FILE = Finply/Info.plist;
				LD_RUNPATH_SEARCH_PATHS = (
					"$(inherited)",
					"@executable_path/Frameworks",
				);
				MARKETING_VERSION = 0.1;
				PRODUCT_BUNDLE_IDENTIFIER = com.illiapostoienko.Finply;
				PRODUCT_NAME = "$(TARGET_NAME)";
				PROVISIONING_PROFILE_SPECIFIER = "";
				SWIFT_VERSION = 5.0;
				TARGETED_DEVICE_FAMILY = 1;
			};
			name = Debug;
		};
		EA930C452523D54F00E12805 /* Release */ = {
			isa = XCBuildConfiguration;
			buildSettings = {
				ASSETCATALOG_COMPILER_APPICON_NAME = AppIcon;
				ASSETCATALOG_COMPILER_GLOBAL_ACCENT_COLOR_NAME = AccentColor;
				CODE_SIGN_IDENTITY = "Apple Development";
				CODE_SIGN_STYLE = Automatic;
				CURRENT_PROJECT_VERSION = 2;
				DEVELOPMENT_TEAM = 36993D57Z5;
				INFOPLIST_FILE = Finply/Info.plist;
				LD_RUNPATH_SEARCH_PATHS = (
					"$(inherited)",
					"@executable_path/Frameworks",
				);
				MARKETING_VERSION = 0.1;
				PRODUCT_BUNDLE_IDENTIFIER = com.illiapostoienko.Finply;
				PRODUCT_NAME = "$(TARGET_NAME)";
				PROVISIONING_PROFILE_SPECIFIER = "";
				SWIFT_VERSION = 5.0;
				TARGETED_DEVICE_FAMILY = 1;
			};
			name = Release;
		};
/* End XCBuildConfiguration section */

/* Begin XCConfigurationList section */
		EA930C2A2523D54D00E12805 /* Build configuration list for PBXProject "Finply" */ = {
			isa = XCConfigurationList;
			buildConfigurations = (
				EA930C412523D54F00E12805 /* Debug */,
				EA930C422523D54F00E12805 /* Release */,
			);
			defaultConfigurationIsVisible = 0;
			defaultConfigurationName = Release;
		};
		EA930C432523D54F00E12805 /* Build configuration list for PBXNativeTarget "Finply" */ = {
			isa = XCConfigurationList;
			buildConfigurations = (
				EA930C442523D54F00E12805 /* Debug */,
				EA930C452523D54F00E12805 /* Release */,
			);
			defaultConfigurationIsVisible = 0;
			defaultConfigurationName = Release;
		};
/* End XCConfigurationList section */

/* Begin XCRemoteSwiftPackageReference section */
		EA7F6161252B2C2C008CA432 /* XCRemoteSwiftPackageReference "RxSwift" */ = {
			isa = XCRemoteSwiftPackageReference;
			repositoryURL = "https://github.com/ReactiveX/RxSwift";
			requirement = {
				kind = upToNextMajorVersion;
				minimumVersion = 5.1.1;
			};
		};
		EA930C692523D89C00E12805 /* XCRemoteSwiftPackageReference "Dip" */ = {
			isa = XCRemoteSwiftPackageReference;
			repositoryURL = "https://github.com/AliSoftware/Dip";
			requirement = {
				kind = upToNextMajorVersion;
				minimumVersion = 7.1.1;
			};
		};
		EA930C6D2523DA9E00E12805 /* XCRemoteSwiftPackageReference "realm-cocoa" */ = {
			isa = XCRemoteSwiftPackageReference;
			repositoryURL = "https://github.com/realm/realm-cocoa";
			requirement = {
				kind = upToNextMajorVersion;
				minimumVersion = 5.4.5;
			};
		};
		EA9BCA962543384D003DE283 /* XCRemoteSwiftPackageReference "RxSwiftExt" */ = {
			isa = XCRemoteSwiftPackageReference;
			repositoryURL = "https://github.com/RxSwiftCommunity/RxSwiftExt";
			requirement = {
				kind = upToNextMajorVersion;
				minimumVersion = 5.2.0;
			};
		};
		EAD68A55255580040083B30D /* XCRemoteSwiftPackageReference "RxDataSources" */ = {
			isa = XCRemoteSwiftPackageReference;
			repositoryURL = "https://github.com/RxSwiftCommunity/RxDataSources";
			requirement = {
				kind = upToNextMajorVersion;
				minimumVersion = 4.0.1;
			};
		};
/* End XCRemoteSwiftPackageReference section */

/* Begin XCSwiftPackageProductDependency section */
		EA7F6162252B2C2C008CA432 /* RxSwift */ = {
			isa = XCSwiftPackageProductDependency;
			package = EA7F6161252B2C2C008CA432 /* XCRemoteSwiftPackageReference "RxSwift" */;
			productName = RxSwift;
		};
		EA7F6164252B2C2C008CA432 /* RxRelay */ = {
			isa = XCSwiftPackageProductDependency;
			package = EA7F6161252B2C2C008CA432 /* XCRemoteSwiftPackageReference "RxSwift" */;
			productName = RxRelay;
		};
		EA7F6166252B2C2C008CA432 /* RxCocoa */ = {
			isa = XCSwiftPackageProductDependency;
			package = EA7F6161252B2C2C008CA432 /* XCRemoteSwiftPackageReference "RxSwift" */;
			productName = RxCocoa;
		};
		EA7F6168252B2C2C008CA432 /* RxBlocking */ = {
			isa = XCSwiftPackageProductDependency;
			package = EA7F6161252B2C2C008CA432 /* XCRemoteSwiftPackageReference "RxSwift" */;
			productName = RxBlocking;
		};
		EA930C6A2523D89C00E12805 /* Dip */ = {
			isa = XCSwiftPackageProductDependency;
			package = EA930C692523D89C00E12805 /* XCRemoteSwiftPackageReference "Dip" */;
			productName = Dip;
		};
		EA930C6E2523DA9E00E12805 /* Realm */ = {
			isa = XCSwiftPackageProductDependency;
			package = EA930C6D2523DA9E00E12805 /* XCRemoteSwiftPackageReference "realm-cocoa" */;
			productName = Realm;
		};
		EA930C702523DA9E00E12805 /* RealmSwift */ = {
			isa = XCSwiftPackageProductDependency;
			package = EA930C6D2523DA9E00E12805 /* XCRemoteSwiftPackageReference "realm-cocoa" */;
			productName = RealmSwift;
		};
		EA9BCA972543384D003DE283 /* RxSwiftExt */ = {
			isa = XCSwiftPackageProductDependency;
			package = EA9BCA962543384D003DE283 /* XCRemoteSwiftPackageReference "RxSwiftExt" */;
			productName = RxSwiftExt;
		};
		EAD68A56255580040083B30D /* RxDataSources */ = {
			isa = XCSwiftPackageProductDependency;
			package = EAD68A55255580040083B30D /* XCRemoteSwiftPackageReference "RxDataSources" */;
			productName = RxDataSources;
		};
		EAD68A58255580040083B30D /* Differentiator */ = {
			isa = XCSwiftPackageProductDependency;
			package = EAD68A55255580040083B30D /* XCRemoteSwiftPackageReference "RxDataSources" */;
			productName = Differentiator;
		};
/* End XCSwiftPackageProductDependency section */
	};
	rootObject = EA930C272523D54D00E12805 /* Project object */;
}
